# THIS IS AN AUTOGENERATED FILE. DO NOT EDIT THIS FILE DIRECTLY.
# yarn lockfile v1


mdbootstrap@^4.19.1:
  version "4.19.1"
  resolved "https://registry.yarnpkg.com/mdbootstrap/-/mdbootstrap-4.19.1.tgz#91b8256951b061f735aa726fe78800e0a3c2fd01"
  integrity sha512-vzYd7UQ0H1tyJfDqCYwsAv+sxol/xRkJP/5FMhcdW3ZbN9xUnmWiSPHx3A6ddGxdOQbfJTWxT3G8M+I++Qdk6w==
